
Microsoft Visual Studio Solution File, Format Version 12.00
# Visual Studio Version 17
VisualStudioVersion = 17.2.32602.215
MinimumVisualStudioVersion = 10.0.40219.1
Project("{FAE04EC0-301F-11D3-BF4B-00C04F79EFBC}") = "OrderProcessorApi", "OrderProcessorApi\OrderProcessorApi.csproj", "{8B453F06-639E-4B53-836F-2AF5B3B19EB7}"
EndProject
Project("{FAE04EC0-301F-11D3-BF4B-00C04F79EFBC}") = "OrderProcessorApi.IntegrationTests", "OrderProcessorApi.IntegrationTests\OrderProcessorApi.IntegrationTests.csproj", "{2FF7C0A7-DAAC-4CA5-9957-213B115520D4}"
EndProject
Global
	GlobalSection(SolutionConfigurationPlatforms) = preSolution
		Debug|Any CPU = Debug|Any CPU
		Release|Any CPU = Release|Any CPU
	EndGlobalSection
	GlobalSection(ProjectConfigurationPlatforms) = postSolution
		{8B453F06-639E-4B53-836F-2AF5B3B19EB7}.Debug|Any CPU.ActiveCfg = Debug|Any CPU
		{8B453F06-639E-4B53-836F-2AF5B3B19EB7}.Debug|Any CPU.Build.0 = Debug|Any CPU
		{8B453F06-639E-4B53-836F-2AF5B3B19EB7}.Release|Any CPU.ActiveCfg = Release|Any CPU
		{8B453F06-639E-4B53-836F-2AF5B3B19EB7}.Release|Any CPU.Build.0 = Release|Any CPU
		{2FF7C0A7-DAAC-4CA5-9957-213B115520D4}.Debug|Any CPU.ActiveCfg = Debug|Any CPU
		{2FF7C0A7-DAAC-4CA5-9957-213B115520D4}.Debug|Any CPU.Build.0 = Debug|Any CPU
		{2FF7C0A7-DAAC-4CA5-9957-213B115520D4}.Release|Any CPU.ActiveCfg = Release|Any CPU
		{2FF7C0A7-DAAC-4CA5-9957-213B115520D4}.Release|Any CPU.Build.0 = Release|Any CPU
	EndGlobalSection
	GlobalSection(SolutionProperties) = preSolution
		HideSolutionNode = FALSE
	EndGlobalSection
	GlobalSection(ExtensibilityGlobals) = postSolution
		SolutionGuid = {7BC05158-D153-43B7-A3A9-B8B49FFF995B}
	EndGlobalSection
EndGlobal
